{
  "lockfile_version": "1",
  "packages": {
    "docfx@latest": {
      "last_modified": "2025-11-15T07:28:48Z",
      "resolved": "github:NixOS/nixpkgs/1d4c88323ac36805d09657d13a5273aea1b34f0c#docfx",
      "source": "devbox-search",
      "version": "2.78.4",
      "systems": {
        "aarch64-darwin": {
          "outputs": [
            {
              "name": "out",
              "path": "/nix/store/ssshjzz1752d97pi2kk232fbpc8gbb75-docfx-2.78.4",
              "default": true
            }
          ],
          "store_path": "/nix/store/ssshjzz1752d97pi2kk232fbpc8gbb75-docfx-2.78.4"
        },
        "aarch64-linux": {
          "outputs": [
            {
              "name": "out",
              "path": "/nix/store/mgj1xv6i3mmx19097h6qrrjllrybsf6z-docfx-2.78.4",
              "default": true
            }
          ],
          "store_path": "/nix/store/mgj1xv6i3mmx19097h6qrrjllrybsf6z-docfx-2.78.4"
        },
        "x86_64-darwin": {
          "outputs": [
            {
              "name": "out",
              "path": "/nix/store/an7hlccszw38xrg2jm9imalb9148hykq-docfx-2.78.4",
              "default": true
            }
          ],
          "store_path": "/nix/store/an7hlccszw38xrg2jm9imalb9148hykq-docfx-2.78.4"
        },
        "x86_64-linux": {
          "outputs": [
            {
              "name": "out",
              "path": "/nix/store/xyjafws78bwg6h7qm6nxvs6y9laf3icg-docfx-2.78.4",
              "default": true
            }
          ],
          "store_path": "/nix/store/xyjafws78bwg6h7qm6nxvs6y9laf3icg-docfx-2.78.4"
        }
      }
    },
    "dotnet-sdk_10@latest": {
      "last_modified": "2026-05-21T08:15:18Z",
      "resolved": "github:NixOS/nixpkgs/4a29d733e8a7d5b824c3d8c958a946a9867b3eb2#dotnet-sdk_10",
      "source": "devbox-search",
      "version": "10.0.300",
      "systems": {
        "aarch64-darwin": {
          "outputs": [
            {
              "name": "out",
              "path": "/nix/store/jnb1admqwxl5kjfir96k1dg4s5wjiq1p-dotnet-sdk-wrapped-10.0.300",
              "default": true
            },
            {
              "name": "man",
              "path": "/nix/store/mycqbmh3dh6f1iidbyy3mhlymq4ydv61-dotnet-sdk-wrapped-10.0.300-man",
              "default": true
            }
          ],
          "store_path": "/nix/store/jnb1admqwxl5kjfir96k1dg4s5wjiq1p-dotnet-sdk-wrapped-10.0.300"
        },
        "aarch64-linux": {
          "outputs": [
            {
              "name": "out",
              "path": "/nix/store/3pqvvzyh5ax0x6qqvzv1vwci5msky9zy-dotnet-sdk-wrapped-10.0.300",
              "default": true
            },
            {
              "name": "man",
              "path": "/nix/store/1gzinh334bnrrk1lsk7nxdgzzi78bc15-dotnet-sdk-wrapped-10.0.300-man",
              "default": true
            }
          ],
          "store_path": "/nix/store/3pqvvzyh5ax0x6qqvzv1vwci5msky9zy-dotnet-sdk-wrapped-10.0.300"
        },
        "x86_64-darwin": {
          "outputs": [
            {
              "name": "out",
              "path": "/nix/store/r08z01sbd2vfq8128m45ixnz9mrq60sv-dotnet-sdk-wrapped-10.0.300",
              "default": true
            }
          ],
          "store_path": "/nix/store/r08z01sbd2vfq8128m45ixnz9mrq60sv-dotnet-sdk-wrapped-10.0.300"
        },
        "x86_64-linux": {
          "outputs": [
            {
              "name": "out",
              "path": "/nix/store/jcf366niva29fva5bszdz40p31y8xfrz-dotnet-sdk-wrapped-10.0.300",
              "default": true
            },
            {
              "name": "man",
              "path": "/nix/store/p1zwpvlhfl0gjqyznldsny9wc7b9dmrk-dotnet-sdk-wrapped-10.0.300-man",
              "default": true
            }
          ],
          "store_path": "/nix/store/jcf366niva29fva5bszdz40p31y8xfrz-dotnet-sdk-wrapped-10.0.300"
        }
      }
    }
  }
}
